// !$*UTF8*$!
{
	archiveVersion = 1;
	classes = {
	};
	objectVersion = 46;
	objects = {

/* Begin PBXBuildFile section */
		217753211EA3EEB500E6D55F /* AppDelegate.swift in Sources */ = {isa = PBXBuildFile; fileRef = 217753201EA3EEB500E6D55F /* AppDelegate.swift */; };
		217753231EA3EEB500E6D55F /* ViewController.swift in Sources */ = {isa = PBXBuildFile; fileRef = 217753221EA3EEB500E6D55F /* ViewController.swift */; };
		217753261EA3EEB500E6D55F /* Main.storyboard in Resources */ = {isa = PBXBuildFile; fileRef = 217753241EA3EEB500E6D55F /* Main.storyboard */; };
		217753281EA3EEB500E6D55F /* Assets.xcassets in Resources */ = {isa = PBXBuildFile; fileRef = 217753271EA3EEB500E6D55F /* Assets.xcassets */; };
		2177532B1EA3EEB500E6D55F /* LaunchScreen.storyboard in Resources */ = {isa = PBXBuildFile; fileRef = 217753291EA3EEB500E6D55F /* LaunchScreen.storyboard */; };
/* End PBXBuildFile section */

/* Begin PBXFileReference section */
		2177531D1EA3EEB500E6D55F /* Runn_iOS.app */ = {isa = PBXFileReference; explicitFileType = wrapper.application; includeInIndex = 0; path = Runn_iOS.app; sourceTree = BUILT_PRODUCTS_DIR; };
		217753201EA3EEB500E6D55F /* AppDelegate.swift */ = {isa = PBXFileReference; lastKnownFileType = sourcecode.swift; path = AppDelegate.swift; sourceTree = "<group>"; };
		217753221EA3EEB500E6D55F /* ViewController.swift */ = {isa = PBXFileReference; lastKnownFileType = sourcecode.swift; path = ViewController.swift; sourceTree = "<group>"; };
		217753251EA3EEB500E6D55F /* Base */ = {isa = PBXFileReference; lastKnownFileType = file.storyboard; name = Base; path = Base.lproj/Main.storyboard; sourceTree = "<group>"; };
		217753271EA3EEB500E6D55F /* Assets.xcassets */ = {isa = PBXFileReference; lastKnownFileType = folder.assetcatalog; path = Assets.xcassets; sourceTree = "<group>"; };
		2177532A1EA3EEB500E6D55F /* Base */ = {isa = PBXFileReference; lastKnownFileType = file.storyboard; name = Base; path = Base.lproj/LaunchScreen.storyboard; sourceTree = "<group>"; };
		2177532C1EA3EEB500E6D55F /* Info.plist */ = {isa = PBXFileReference; lastKnownFileType = text.plist.xml; path = Info.plist; sourceTree = "<group>"; };
/* End PBXFileReference section */

/* Begin PBXFrameworksBuildPhase section */
		2177531A1EA3EEB500E6D55F /* Frameworks */ = {
			isa = PBXFrameworksBuildPhase;
			buildActionMask = 2147483647;
			files = (
			);
			runOnlyForDeploymentPostprocessing = 0;
		};
/* End PBXFrameworksBuildPhase section */

/* Begin PBXGroup section */
		217753141EA3EEB500E6D55F = {
			isa = PBXGroup;
			children = (
				2177531F1EA3EEB500E6D55F /* Runn_iOS */,
				2177531E1EA3EEB500E6D55F /* Products */,
			);
			sourceTree = "<group>";
		};
		2177531E1EA3EEB500E6D55F /* Products */ = {
			isa = PBXGroup;
			children = (
				2177531D1EA3EEB500E6D55F /* Runn_iOS.app */,
			);
			name = Products;
			sourceTree = "<group>";
		};
		2177531F1EA3EEB500E6D55F /* Runn_iOS */ = {
			isa = PBXGroup;
			children = (
				217753201EA3EEB500E6D55F /* AppDelegate.swift */,
				217753221EA3EEB500E6D55F /* ViewController.swift */,
				217753241EA3EEB500E6D55F /* Main.storyboard */,
				217753271EA3EEB500E6D55F /* Assets.xcassets */,
				217753291EA3EEB500E6D55F /* LaunchScreen.storyboard */,
				2177532C1EA3EEB500E6D55F /* Info.plist */,
			);
			path = Runn_iOS;
			sourceTree = "<group>";
		};
/* End PBXGroup section */

/* Begin PBXNativeTarget section */
		2177531C1EA3EEB500E6D55F /* Runn_iOS */ = {
			isa = PBXNativeTarget;
			buildConfigurationList = 2177532F1EA3EEB500E6D55F /* Build configuration list for PBXNativeTarget "Runn_iOS" */;
			buildPhases = (
				217753191EA3EEB500E6D55F /* Sources */,
				2177531A1EA3EEB500E6D55F /* Frameworks */,
				2177531B1EA3EEB500E6D55F /* Resources */,
			);
			buildRules = (
			);
			dependencies = (
			);
			name = Runn_iOS;
			productName = Runn_iOS;
			productReference = 2177531D1EA3EEB500E6D55F /* Runn_iOS.app */;
			productType = "com.apple.product-type.application";
		};
/* End PBXNativeTarget section */

/* Begin PBXProject section */
		217753151EA3EEB500E6D55F /* Project object */ = {
			isa = PBXProject;
			attributes = {
				LastSwiftUpdateCheck = 0830;
				LastUpgradeCheck = 0830;
				ORGANIZATIONNAME = samgdf;
				TargetAttributes = {
					2177531C1EA3EEB500E6D55F = {
						CreatedOnToolsVersion = 8.3.1;
						DevelopmentTeam = TG834N3KA6;
						ProvisioningStyle = Automatic;
					};
				};
			};
			buildConfigurationList = 217753181EA3EEB500E6D55F /* Build configuration list for PBXProject "Runn_iOS" */;
			compatibilityVersion = "Xcode 3.2";
			developmentRegion = English;
			hasScannedForEncodings = 0;
			knownRegions = (
				en,
				Base,
			);
			mainGroup = 217753141EA3EEB500E6D55F;
			productRefGroup = 2177531E1EA3EEB500E6D55F /* Products */;
			projectDirPath = "";
			projectRoot = "";
			targets = (
				2177531C1EA3EEB500E6D55F /* Runn_iOS */,
			);
		};
/* End PBXProject section */

/* Begin PBXResourcesBuildPhase section */
		2177531B1EA3EEB500E6D55F /* Resources */ = {
			isa = PBXResourcesBuildPhase;
			buildActionMask = 2147483647;
			files = (
				2177532B1EA3EEB500E6D55F /* LaunchScreen.storyboard in Resources */,
				217753281EA3EEB500E6D55F /* Assets.xcassets in Resources */,
				217753261EA3EEB500E6D55F /* Main.storyboard in Resources */,
			);
			runOnlyForDeploymentPostprocessing = 0;
		};
/* End PBXResourcesBuildPhase section */

/* Begin PBXSourcesBuildPhase section */
		217753191EA3EEB500E6D55F /* Sources */ = {
			isa = PBXSourcesBuildPhase;
			buildActionMask = 2147483647;
			files = (
				217753231EA3EEB500E6D55F /* ViewController.swift in Sources */,
				217753211EA3EEB500E6D55F /* AppDelegate.swift in Sources */,
			);
			runOnlyForDeploymentPostprocessing = 0;
		};
/* End PBXSourcesBuildPhase section */

/* Begin PBXVariantGroup section */
		217753241EA3EEB500E6D55F /* Main.storyboard */ = {
			isa = PBXVariantGroup;
			children = (
				217753251EA3EEB500E6D55F /* Base */,
			);
			name = Main.storyboard;
			sourceTree = "<group>";
		};
		217753291EA3EEB500E6D55F /* LaunchScreen.storyboard */ = {
			isa = PBXVariantGroup;
			children = (
				2177532A1EA3EEB500E6D55F /* Base */,
			);
			name = LaunchScreen.storyboard;
			sourceTree = "<group>";
		};
/* End PBXVariantGroup section */

/* Begin XCBuildConfiguration section */
		2177532D1EA3EEB500E6D55F /* Debug */ = {
			isa = XCBuildConfiguration;
			buildSettings = {
				ALWAYS_SEARCH_USER_PATHS = NO;
				CLANG_ANALYZER_NONNULL = YES;
				CLANG_ANALYZER_NUMBER_OBJECT_CONVERSION = YES_AGGRESSIVE;
				CLANG_CXX_LANGUAGE_STANDARD = "gnu++0x";
				CLANG_CXX_LIBRARY = "libc++";
				CLANG_ENABLE_MODULES = YES;
				CLANG_ENABLE_OBJC_ARC = YES;
				CLANG_WARN_BOOL_CONVERSION = YES;
				CLANG_WARN_CONSTANT_CONVERSION = YES;
				CLANG_WARN_DIRECT_OBJC_ISA_USAGE = YES_ERROR;
				CLANG_WARN_DOCUMENTATION_COMMENTS = YES;
				CLANG_WARN_EMPTY_BODY = YES;
				CLANG_WARN_ENUM_CONVERSION = YES;
				CLANG_WARN_INFINITE_RECURSION = YES;
				CLANG_WARN_INT_CONVERSION = YES;
				CLANG_WARN_OBJC_ROOT_CLASS = YES_ERROR;
				CLANG_WARN_SUSPICIOUS_MOVE = YES;
				CLANG_WARN_UNREACHABLE_CODE = YES;
				CLANG_WARN__DUPLICATE_METHOD_MATCH = YES;
				"CODE_SIGN_IDENTITY[sdk=iphoneos*]" = "iPhone Developer";
				COPY_PHASE_STRIP = NO;
				DEBUG_INFORMATION_FORMAT = dwarf;
				ENABLE_STRICT_OBJC_MSGSEND = YES;
				ENABLE_TESTABILITY = YES;
				GCC_C_LANGUAGE_STANDARD = gnu99;
				GCC_DYNAMIC_NO_PIC = NO;
				GCC_NO_COMMON_BLOCKS = YES;
				GCC_OPTIMIZATION_LEVEL = 0;
				GCC_PREPROCESSOR_DEFINITIONS = (
					"DEBUG=1",
					"$(inherited)",
				);
				GCC_WARN_64_TO_32_BIT_CONVERSION = YES;
				GCC_WARN_ABOUT_RETURN_TYPE = YES_ERROR;
				GCC_WARN_UNDECLARED_SELECTOR = YES;
				GCC_WARN_UNINITIALIZED_AUTOS = YES_AGGRESSIVE;
				GCC_WARN_UNUSED_FUNCTION = YES;
				GCC_WARN_UNUSED_VARIABLE = YES;
				IPHONEOS_DEPLOYMENT_TARGET = 10.3;
				MTL_ENABLE_DEBUG_INFO = YES;
				ONLY_ACTIVE_ARCH = YES;
				SDKROOT = iphoneos;
				SWIFT_ACTIVE_COMPILATION_CONDITIONS = DEBUG;
				SWIFT_OPTIMIZATION_LEVEL = "-Onone";
				TARGETED_DEVICE_FAMILY = "1,2";
			};
			name = Debug;
		};
		2177532E1EA3EEB500E6D55F /* Release */ = {
			isa = XCBuildConfiguration;
			buildSettings = {
				ALWAYS_SEARCH_USER_PATHS = NO;
				CLANG_ANALYZER_NONNULL = YES;
				CLANG_ANALYZER_NUMBER_OBJECT_CONVERSION = YES_AGGRESSIVE;
				CLANG_CXX_LANGUAGE_STANDARD = "gnu++0x";
				CLANG_CXX_LIBRARY = "libc++";
				CLANG_ENABLE_MODULES = YES;
				CLANG_ENABLE_OBJC_ARC = YES;
				CLANG_WARN_BOOL_CONVERSION = YES;
				CLANG_WARN_CONSTANT_CONVERSION = YES;
				CLANG_WARN_DIRECT_OBJC_ISA_USAGE = YES_ERROR;
				CLANG_WARN_DOCUMENTATION_COMMENTS = YES;
				CLANG_WARN_EMPTY_BODY = YES;
				CLANG_WARN_ENUM_CONVERSION = YES;
				CLANG_WARN_INFINITE_RECURSION = YES;
				CLANG_WARN_INT_CONVERSION = YES;
				CLANG_WARN_OBJC_ROOT_CLASS = YES_ERROR;
				CLANG_WARN_SUSPICIOUS_MOVE = YES;
				CLANG_WARN_UNREACHABLE_CODE = YES;
				CLANG_WARN__DUPLICATE_METHOD_MATCH = YES;
				"CODE_SIGN_IDENTITY[sdk=iphoneos*]" = "iPhone Developer";
				COPY_PHASE_STRIP = NO;
				DEBUG_INFORMATION_FORMAT = "dwarf-with-dsym";
				ENABLE_NS_ASSERTIONS = NO;
				ENABLE_STRICT_OBJC_MSGSEND = YES;
				GCC_C_LANGUAGE_STANDARD = gnu99;
				GCC_NO_COMMON_BLOCKS = YES;
				GCC_WARN_64_TO_32_BIT_CONVERSION = YES;
				GCC_WARN_ABOUT_RETURN_TYPE = YES_ERROR;
				GCC_WARN_UNDECLARED_SELECTOR = YES;
				GCC_WARN_UNINITIALIZED_AUTOS = YES_AGGRESSIVE;
				GCC_WARN_UNUSED_FUNCTION = YES;
				GCC_WARN_UNUSED_VARIABLE = YES;
				IPHONEOS_DEPLOYMENT_TARGET = 10.3;
				MTL_ENABLE_DEBUG_INFO = NO;
				SDKROOT = iphoneos;
				SWIFT_OPTIMIZATION_LEVEL = "-Owholemodule";
				TARGETED_DEVICE_FAMILY = "1,2";
				VALIDATE_PRODUCT = YES;
			};
			name = Release;
		};
		217753301EA3EEB500E6D55F /* Debug */ = {
			isa = XCBuildConfiguration;
			buildSettings = {
				ASSETCATALOG_COMPILER_APPICON_NAME = AppIcon;
				DEVELOPMENT_TEAM = TG834N3KA6;
				INFOPLIST_FILE = Runn_iOS/Info.plist;
				LD_RUNPATH_SEARCH_PATHS = "$(inherited) @executable_path/Frameworks";
				PRODUCT_BUNDLE_IDENTIFIER = "EasterChurch.cs193p.samgdf.program.Runn-iOS";
				PRODUCT_NAME = "$(TARGET_NAME)";
				SWIFT_VERSION = 3.0;
			};
			name = Debug;
		};
		217753311EA3EEB500E6D55F /* Release */ = {
			isa = XCBuildConfiguration;
			buildSettings = {
				ASSETCATALOG_COMPILER_APPICON_NAME = AppIcon;
				DEVELOPMENT_TEAM = TG834N3KA6;
				INFOPLIST_FILE = Runn_iOS/Info.plist;
				LD_RUNPATH_SEARCH_PATHS = "$(inherited) @executable_path/Frameworks";
				PRODUCT_BUNDLE_IDENTIFIER = "EasterChurch.cs193p.samgdf.program.Runn-iOS";
				PRODUCT_NAME = "$(TARGET_NAME)";
				SWIFT_VERSION = 3.0;
			};
			name = Release;
		};
/* End XCBuildConfiguration section */

/* Begin XCConfigurationList section */
		217753181EA3EEB500E6D55F /* Build configuration list for PBXProject "Runn_iOS" */ = {
			isa = XCConfigurationList;
			buildConfigurations = (
				2177532D1EA3EEB500E6D55F /* Debug */,
				2177532E1EA3EEB500E6D55F /* Release */,
			);
			defaultConfigurationIsVisible = 0;
			defaultConfigurationName = Release;
		};
		2177532F1EA3EEB500E6D55F /* Build configuration list for PBXNativeTarget "Runn_iOS" */ = {
			isa = XCConfigurationList;
			buildConfigurations = (
				217753301EA3EEB500E6D55F /* Debug */,
				217753311EA3EEB500E6D55F /* Release */,
			);
			defaultConfigurationIsVisible = 0;
		};
/* End XCConfigurationList section */
	};
	rootObject = 217753151EA3EEB500E6D55F /* Project object */;
}
