// !$*UTF8*$!
{
	archiveVersion = 1;
	classes = {
	};
	objectVersion = 46;
	objects = {

/* Begin PBXBuildFile section */
		21128F571EBA8588001186FF /* AppDelegate.swift in Sources */ = {isa = PBXBuildFile; fileRef = 21128F561EBA8588001186FF /* AppDelegate.swift */; };
		21128F591EBA8588001186FF /* ViewController.swift in Sources */ = {isa = PBXBuildFile; fileRef = 21128F581EBA8588001186FF /* ViewController.swift */; };
		21128F5C1EBA8588001186FF /* Main.storyboard in Resources */ = {isa = PBXBuildFile; fileRef = 21128F5A1EBA8588001186FF /* Main.storyboard */; };
		21128F5F1EBA8588001186FF /* CoreTodo.xcdatamodeld in Sources */ = {isa = PBXBuildFile; fileRef = 21128F5D1EBA8588001186FF /* CoreTodo.xcdatamodeld */; };
		21128F611EBA8589001186FF /* Assets.xcassets in Resources */ = {isa = PBXBuildFile; fileRef = 21128F601EBA8589001186FF /* Assets.xcassets */; };
		21128F641EBA8589001186FF /* LaunchScreen.storyboard in Resources */ = {isa = PBXBuildFile; fileRef = 21128F621EBA8589001186FF /* LaunchScreen.storyboard */; };
		21128F6C1EBA868A001186FF /* AddTaskViewController.swift in Sources */ = {isa = PBXBuildFile; fileRef = 21128F6B1EBA868A001186FF /* AddTaskViewController.swift */; };
		217863901EBCFD2900BDB647 /* truck.mp4 in Resources */ = {isa = PBXBuildFile; fileRef = 2178638F1EBCFAA300BDB647 /* truck.mp4 */; };
/* End PBXBuildFile section */

/* Begin PBXFileReference section */
		21128F531EBA8588001186FF /* CoreTodo.app */ = {isa = PBXFileReference; explicitFileType = wrapper.application; includeInIndex = 0; path = CoreTodo.app; sourceTree = BUILT_PRODUCTS_DIR; };
		21128F561EBA8588001186FF /* AppDelegate.swift */ = {isa = PBXFileReference; lastKnownFileType = sourcecode.swift; path = AppDelegate.swift; sourceTree = "<group>"; };
		21128F581EBA8588001186FF /* ViewController.swift */ = {isa = PBXFileReference; lastKnownFileType = sourcecode.swift; path = ViewController.swift; sourceTree = "<group>"; };
		21128F5B1EBA8588001186FF /* Base */ = {isa = PBXFileReference; lastKnownFileType = file.storyboard; name = Base; path = Base.lproj/Main.storyboard; sourceTree = "<group>"; };
		21128F5E1EBA8588001186FF /* CoreTodo.xcdatamodel */ = {isa = PBXFileReference; lastKnownFileType = wrapper.xcdatamodel; path = CoreTodo.xcdatamodel; sourceTree = "<group>"; };
		21128F601EBA8589001186FF /* Assets.xcassets */ = {isa = PBXFileReference; lastKnownFileType = folder.assetcatalog; path = Assets.xcassets; sourceTree = "<group>"; };
		21128F631EBA8589001186FF /* Base */ = {isa = PBXFileReference; lastKnownFileType = file.storyboard; name = Base; path = Base.lproj/LaunchScreen.storyboard; sourceTree = "<group>"; };
		21128F651EBA8589001186FF /* Info.plist */ = {isa = PBXFileReference; lastKnownFileType = text.plist.xml; path = Info.plist; sourceTree = "<group>"; };
		21128F6B1EBA868A001186FF /* AddTaskViewController.swift */ = {isa = PBXFileReference; fileEncoding = 4; lastKnownFileType = sourcecode.swift; path = AddTaskViewController.swift; sourceTree = "<group>"; };
		2178638F1EBCFAA300BDB647 /* truck.mp4 */ = {isa = PBXFileReference; lastKnownFileType = file; path = truck.mp4; sourceTree = "<group>"; };
/* End PBXFileReference section */

/* Begin PBXFrameworksBuildPhase section */
		21128F501EBA8588001186FF /* Frameworks */ = {
			isa = PBXFrameworksBuildPhase;
			buildActionMask = 2147483647;
			files = (
			);
			runOnlyForDeploymentPostprocessing = 0;
		};
/* End PBXFrameworksBuildPhase section */

/* Begin PBXGroup section */
		21128F4A1EBA8588001186FF = {
			isa = PBXGroup;
			children = (
				21128F551EBA8588001186FF /* CoreTodo */,
				21128F541EBA8588001186FF /* Products */,
			);
			sourceTree = "<group>";
		};
		21128F541EBA8588001186FF /* Products */ = {
			isa = PBXGroup;
			children = (
				21128F531EBA8588001186FF /* CoreTodo.app */,
			);
			name = Products;
			sourceTree = "<group>";
		};
		21128F551EBA8588001186FF /* CoreTodo */ = {
			isa = PBXGroup;
			children = (
				2178638F1EBCFAA300BDB647 /* truck.mp4 */,
				21128F561EBA8588001186FF /* AppDelegate.swift */,
				21128F581EBA8588001186FF /* ViewController.swift */,
				21128F5A1EBA8588001186FF /* Main.storyboard */,
				21128F6B1EBA868A001186FF /* AddTaskViewController.swift */,
				21128F601EBA8589001186FF /* Assets.xcassets */,
				21128F621EBA8589001186FF /* LaunchScreen.storyboard */,
				21128F651EBA8589001186FF /* Info.plist */,
				21128F5D1EBA8588001186FF /* CoreTodo.xcdatamodeld */,
			);
			path = CoreTodo;
			sourceTree = "<group>";
		};
/* End PBXGroup section */

/* Begin PBXNativeTarget section */
		21128F521EBA8588001186FF /* CoreTodo */ = {
			isa = PBXNativeTarget;
			buildConfigurationList = 21128F681EBA8589001186FF /* Build configuration list for PBXNativeTarget "CoreTodo" */;
			buildPhases = (
				21128F4F1EBA8588001186FF /* Sources */,
				21128F501EBA8588001186FF /* Frameworks */,
				21128F511EBA8588001186FF /* Resources */,
			);
			buildRules = (
			);
			dependencies = (
			);
			name = CoreTodo;
			productName = CoreTodo;
			productReference = 21128F531EBA8588001186FF /* CoreTodo.app */;
			productType = "com.apple.product-type.application";
		};
/* End PBXNativeTarget section */

/* Begin PBXProject section */
		21128F4B1EBA8588001186FF /* Project object */ = {
			isa = PBXProject;
			attributes = {
				LastSwiftUpdateCheck = 0830;
				LastUpgradeCheck = 0830;
				ORGANIZATIONNAME = samgdf;
				TargetAttributes = {
					21128F521EBA8588001186FF = {
						CreatedOnToolsVersion = 8.3.2;
						DevelopmentTeam = TG834N3KA6;
						ProvisioningStyle = Automatic;
					};
				};
			};
			buildConfigurationList = 21128F4E1EBA8588001186FF /* Build configuration list for PBXProject "CoreTodo" */;
			compatibilityVersion = "Xcode 3.2";
			developmentRegion = English;
			hasScannedForEncodings = 0;
			knownRegions = (
				en,
				Base,
			);
			mainGroup = 21128F4A1EBA8588001186FF;
			productRefGroup = 21128F541EBA8588001186FF /* Products */;
			projectDirPath = "";
			projectRoot = "";
			targets = (
				21128F521EBA8588001186FF /* CoreTodo */,
			);
		};
/* End PBXProject section */

/* Begin PBXResourcesBuildPhase section */
		21128F511EBA8588001186FF /* Resources */ = {
			isa = PBXResourcesBuildPhase;
			buildActionMask = 2147483647;
			files = (
				21128F641EBA8589001186FF /* LaunchScreen.storyboard in Resources */,
				217863901EBCFD2900BDB647 /* truck.mp4 in Resources */,
				21128F611EBA8589001186FF /* Assets.xcassets in Resources */,
				21128F5C1EBA8588001186FF /* Main.storyboard in Resources */,
			);
			runOnlyForDeploymentPostprocessing = 0;
		};
/* End PBXResourcesBuildPhase section */

/* Begin PBXSourcesBuildPhase section */
		21128F4F1EBA8588001186FF /* Sources */ = {
			isa = PBXSourcesBuildPhase;
			buildActionMask = 2147483647;
			files = (
				21128F591EBA8588001186FF /* ViewController.swift in Sources */,
				21128F6C1EBA868A001186FF /* AddTaskViewController.swift in Sources */,
				21128F571EBA8588001186FF /* AppDelegate.swift in Sources */,
				21128F5F1EBA8588001186FF /* CoreTodo.xcdatamodeld in Sources */,
			);
			runOnlyForDeploymentPostprocessing = 0;
		};
/* End PBXSourcesBuildPhase section */

/* Begin PBXVariantGroup section */
		21128F5A1EBA8588001186FF /* Main.storyboard */ = {
			isa = PBXVariantGroup;
			children = (
				21128F5B1EBA8588001186FF /* Base */,
			);
			name = Main.storyboard;
			sourceTree = "<group>";
		};
		21128F621EBA8589001186FF /* LaunchScreen.storyboard */ = {
			isa = PBXVariantGroup;
			children = (
				21128F631EBA8589001186FF /* Base */,
			);
			name = LaunchScreen.storyboard;
			sourceTree = "<group>";
		};
/* End PBXVariantGroup section */

/* Begin XCBuildConfiguration section */
		21128F661EBA8589001186FF /* Debug */ = {
			isa = XCBuildConfiguration;
			buildSettings = {
				ALWAYS_SEARCH_USER_PATHS = NO;
				CLANG_ANALYZER_NONNULL = YES;
				CLANG_ANALYZER_NUMBER_OBJECT_CONVERSION = YES_AGGRESSIVE;
				CLANG_CXX_LANGUAGE_STANDARD = "gnu++0x";
				CLANG_CXX_LIBRARY = "libc++";
				CLANG_ENABLE_MODULES = YES;
				CLANG_ENABLE_OBJC_ARC = YES;
				CLANG_WARN_BOOL_CONVERSION = YES;
				CLANG_WARN_CONSTANT_CONVERSION = YES;
				CLANG_WARN_DIRECT_OBJC_ISA_USAGE = YES_ERROR;
				CLANG_WARN_DOCUMENTATION_COMMENTS = YES;
				CLANG_WARN_EMPTY_BODY = YES;
				CLANG_WARN_ENUM_CONVERSION = YES;
				CLANG_WARN_INFINITE_RECURSION = YES;
				CLANG_WARN_INT_CONVERSION = YES;
				CLANG_WARN_OBJC_ROOT_CLASS = YES_ERROR;
				CLANG_WARN_SUSPICIOUS_MOVE = YES;
				CLANG_WARN_UNREACHABLE_CODE = YES;
				CLANG_WARN__DUPLICATE_METHOD_MATCH = YES;
				"CODE_SIGN_IDENTITY[sdk=iphoneos*]" = "iPhone Developer";
				COPY_PHASE_STRIP = NO;
				DEBUG_INFORMATION_FORMAT = dwarf;
				ENABLE_STRICT_OBJC_MSGSEND = YES;
				ENABLE_TESTABILITY = YES;
				GCC_C_LANGUAGE_STANDARD = gnu99;
				GCC_DYNAMIC_NO_PIC = NO;
				GCC_NO_COMMON_BLOCKS = YES;
				GCC_OPTIMIZATION_LEVEL = 0;
				GCC_PREPROCESSOR_DEFINITIONS = (
					"DEBUG=1",
					"$(inherited)",
				);
				GCC_WARN_64_TO_32_BIT_CONVERSION = YES;
				GCC_WARN_ABOUT_RETURN_TYPE = YES_ERROR;
				GCC_WARN_UNDECLARED_SELECTOR = YES;
				GCC_WARN_UNINITIALIZED_AUTOS = YES_AGGRESSIVE;
				GCC_WARN_UNUSED_FUNCTION = YES;
				GCC_WARN_UNUSED_VARIABLE = YES;
				IPHONEOS_DEPLOYMENT_TARGET = 10.3;
				MTL_ENABLE_DEBUG_INFO = YES;
				ONLY_ACTIVE_ARCH = YES;
				SDKROOT = iphoneos;
				SWIFT_ACTIVE_COMPILATION_CONDITIONS = DEBUG;
				SWIFT_OPTIMIZATION_LEVEL = "-Onone";
				TARGETED_DEVICE_FAMILY = "1,2";
			};
			name = Debug;
		};
		21128F671EBA8589001186FF /* Release */ = {
			isa = XCBuildConfiguration;
			buildSettings = {
				ALWAYS_SEARCH_USER_PATHS = NO;
				CLANG_ANALYZER_NONNULL = YES;
				CLANG_ANALYZER_NUMBER_OBJECT_CONVERSION = YES_AGGRESSIVE;
				CLANG_CXX_LANGUAGE_STANDARD = "gnu++0x";
				CLANG_CXX_LIBRARY = "libc++";
				CLANG_ENABLE_MODULES = YES;
				CLANG_ENABLE_OBJC_ARC = YES;
				CLANG_WARN_BOOL_CONVERSION = YES;
				CLANG_WARN_CONSTANT_CONVERSION = YES;
				CLANG_WARN_DIRECT_OBJC_ISA_USAGE = YES_ERROR;
				CLANG_WARN_DOCUMENTATION_COMMENTS = YES;
				CLANG_WARN_EMPTY_BODY = YES;
				CLANG_WARN_ENUM_CONVERSION = YES;
				CLANG_WARN_INFINITE_RECURSION = YES;
				CLANG_WARN_INT_CONVERSION = YES;
				CLANG_WARN_OBJC_ROOT_CLASS = YES_ERROR;
				CLANG_WARN_SUSPICIOUS_MOVE = YES;
				CLANG_WARN_UNREACHABLE_CODE = YES;
				CLANG_WARN__DUPLICATE_METHOD_MATCH = YES;
				"CODE_SIGN_IDENTITY[sdk=iphoneos*]" = "iPhone Developer";
				COPY_PHASE_STRIP = NO;
				DEBUG_INFORMATION_FORMAT = "dwarf-with-dsym";
				ENABLE_NS_ASSERTIONS = NO;
				ENABLE_STRICT_OBJC_MSGSEND = YES;
				GCC_C_LANGUAGE_STANDARD = gnu99;
				GCC_NO_COMMON_BLOCKS = YES;
				GCC_WARN_64_TO_32_BIT_CONVERSION = YES;
				GCC_WARN_ABOUT_RETURN_TYPE = YES_ERROR;
				GCC_WARN_UNDECLARED_SELECTOR = YES;
				GCC_WARN_UNINITIALIZED_AUTOS = YES_AGGRESSIVE;
				GCC_WARN_UNUSED_FUNCTION = YES;
				GCC_WARN_UNUSED_VARIABLE = YES;
				IPHONEOS_DEPLOYMENT_TARGET = 10.3;
				MTL_ENABLE_DEBUG_INFO = NO;
				SDKROOT = iphoneos;
				SWIFT_OPTIMIZATION_LEVEL = "-Owholemodule";
				TARGETED_DEVICE_FAMILY = "1,2";
				VALIDATE_PRODUCT = YES;
			};
			name = Release;
		};
		21128F691EBA8589001186FF /* Debug */ = {
			isa = XCBuildConfiguration;
			buildSettings = {
				ASSETCATALOG_COMPILER_APPICON_NAME = AppIcon;
				DEVELOPMENT_TEAM = TG834N3KA6;
				INFOPLIST_FILE = CoreTodo/Info.plist;
				LD_RUNPATH_SEARCH_PATHS = "$(inherited) @executable_path/Frameworks";
				PRODUCT_BUNDLE_IDENTIFIER = youtube.cs193p.samgdf.program.CoreTodo;
				PRODUCT_NAME = "$(TARGET_NAME)";
				SWIFT_VERSION = 3.0;
			};
			name = Debug;
		};
		21128F6A1EBA8589001186FF /* Release */ = {
			isa = XCBuildConfiguration;
			buildSettings = {
				ASSETCATALOG_COMPILER_APPICON_NAME = AppIcon;
				DEVELOPMENT_TEAM = TG834N3KA6;
				INFOPLIST_FILE = CoreTodo/Info.plist;
				LD_RUNPATH_SEARCH_PATHS = "$(inherited) @executable_path/Frameworks";
				PRODUCT_BUNDLE_IDENTIFIER = youtube.cs193p.samgdf.program.CoreTodo;
				PRODUCT_NAME = "$(TARGET_NAME)";
				SWIFT_VERSION = 3.0;
			};
			name = Release;
		};
/* End XCBuildConfiguration section */

/* Begin XCConfigurationList section */
		21128F4E1EBA8588001186FF /* Build configuration list for PBXProject "CoreTodo" */ = {
			isa = XCConfigurationList;
			buildConfigurations = (
				21128F661EBA8589001186FF /* Debug */,
				21128F671EBA8589001186FF /* Release */,
			);
			defaultConfigurationIsVisible = 0;
			defaultConfigurationName = Release;
		};
		21128F681EBA8589001186FF /* Build configuration list for PBXNativeTarget "CoreTodo" */ = {
			isa = XCConfigurationList;
			buildConfigurations = (
				21128F691EBA8589001186FF /* Debug */,
				21128F6A1EBA8589001186FF /* Release */,
			);
			defaultConfigurationIsVisible = 0;
			defaultConfigurationName = Release;
		};
/* End XCConfigurationList section */

/* Begin XCVersionGroup section */
		21128F5D1EBA8588001186FF /* CoreTodo.xcdatamodeld */ = {
			isa = XCVersionGroup;
			children = (
				21128F5E1EBA8588001186FF /* CoreTodo.xcdatamodel */,
			);
			currentVersion = 21128F5E1EBA8588001186FF /* CoreTodo.xcdatamodel */;
			path = CoreTodo.xcdatamodeld;
			sourceTree = "<group>";
			versionGroupType = wrapper.xcdatamodel;
		};
/* End XCVersionGroup section */
	};
	rootObject = 21128F4B1EBA8588001186FF /* Project object */;
}
